// !$*UTF8*$!
{
	archiveVersion = 1;
	classes = {
	};
	objectVersion = 55;
	objects = {

/* Begin PBXBuildFile section */
		A202617C2812F68D003277B0 /* emoji zone.mp4 in Resources */ = {isa = PBXBuildFile; fileRef = A202617B2812F68D003277B0 /* emoji zone.mp4 */; };
		A20261802812FC7B003277B0 /* VideoViewController.swift in Sources */ = {isa = PBXBuildFile; fileRef = A202617F2812FC7B003277B0 /* VideoViewController.swift */; };
		A2FAF5B02811A59300EC8DAC /* AppDelegate.swift in Sources */ = {isa = PBXBuildFile; fileRef = A2FAF5AF2811A59300EC8DAC /* AppDelegate.swift */; };
		A2FAF5B22811A59300EC8DAC /* SceneDelegate.swift in Sources */ = {isa = PBXBuildFile; fileRef = A2FAF5B12811A59300EC8DAC /* SceneDelegate.swift */; };
		A2FAF5B42811A59300EC8DAC /* ViewController.swift in Sources */ = {isa = PBXBuildFile; fileRef = A2FAF5B32811A59300EC8DAC /* ViewController.swift */; };
		A2FAF5B92811A59300EC8DAC /* Assets.xcassets in Resources */ = {isa = PBXBuildFile; fileRef = A2FAF5B82811A59300EC8DAC /* Assets.xcassets */; };
		A2FAF5BC2811A59300EC8DAC /* LaunchScreen.storyboard in Resources */ = {isa = PBXBuildFile; fileRef = A2FAF5BA2811A59300EC8DAC /* LaunchScreen.storyboard */; };
		A2FAF5C42811A6A900EC8DAC /* Subviews.swift in Sources */ = {isa = PBXBuildFile; fileRef = A2FAF5C32811A6A900EC8DAC /* Subviews.swift */; };
		A2FAF5C82811B4CB00EC8DAC /* CustomTableViewCell.swift in Sources */ = {isa = PBXBuildFile; fileRef = A2FAF5C72811B4CB00EC8DAC /* CustomTableViewCell.swift */; };
		A2FAF5CC2811B92500EC8DAC /* VideoModel.swift in Sources */ = {isa = PBXBuildFile; fileRef = A2FAF5CB2811B92500EC8DAC /* VideoModel.swift */; };
/* End PBXBuildFile section */

/* Begin PBXFileReference section */
		A202617B2812F68D003277B0 /* emoji zone.mp4 */ = {isa = PBXFileReference; lastKnownFileType = file; path = "emoji zone.mp4"; sourceTree = "<group>"; };
		A202617F2812FC7B003277B0 /* VideoViewController.swift */ = {isa = PBXFileReference; lastKnownFileType = sourcecode.swift; path = VideoViewController.swift; sourceTree = "<group>"; };
		A2FAF5AC2811A59300EC8DAC /* PlayLocalVideo.app */ = {isa = PBXFileReference; explicitFileType = wrapper.application; includeInIndex = 0; path = PlayLocalVideo.app; sourceTree = BUILT_PRODUCTS_DIR; };
		A2FAF5AF2811A59300EC8DAC /* AppDelegate.swift */ = {isa = PBXFileReference; lastKnownFileType = sourcecode.swift; path = AppDelegate.swift; sourceTree = "<group>"; };
		A2FAF5B12811A59300EC8DAC /* SceneDelegate.swift */ = {isa = PBXFileReference; lastKnownFileType = sourcecode.swift; path = SceneDelegate.swift; sourceTree = "<group>"; };
		A2FAF5B32811A59300EC8DAC /* ViewController.swift */ = {isa = PBXFileReference; lastKnownFileType = sourcecode.swift; path = ViewController.swift; sourceTree = "<group>"; };
		A2FAF5B82811A59300EC8DAC /* Assets.xcassets */ = {isa = PBXFileReference; lastKnownFileType = folder.assetcatalog; path = Assets.xcassets; sourceTree = "<group>"; };
		A2FAF5BB2811A59300EC8DAC /* Base */ = {isa = PBXFileReference; lastKnownFileType = file.storyboard; name = Base; path = Base.lproj/LaunchScreen.storyboard; sourceTree = "<group>"; };
		A2FAF5BD2811A59300EC8DAC /* Info.plist */ = {isa = PBXFileReference; lastKnownFileType = text.plist.xml; path = Info.plist; sourceTree = "<group>"; };
		A2FAF5C32811A6A900EC8DAC /* Subviews.swift */ = {isa = PBXFileReference; lastKnownFileType = sourcecode.swift; path = Subviews.swift; sourceTree = "<group>"; };
		A2FAF5C72811B4CB00EC8DAC /* CustomTableViewCell.swift */ = {isa = PBXFileReference; lastKnownFileType = sourcecode.swift; path = CustomTableViewCell.swift; sourceTree = "<group>"; };
		A2FAF5CB2811B92500EC8DAC /* VideoModel.swift */ = {isa = PBXFileReference; lastKnownFileType = sourcecode.swift; path = VideoModel.swift; sourceTree = "<group>"; };
/* End PBXFileReference section */

/* Begin PBXFrameworksBuildPhase section */
		A2FAF5A92811A59300EC8DAC /* Frameworks */ = {
			isa = PBXFrameworksBuildPhase;
			buildActionMask = 2147483647;
			files = (
			);
			runOnlyForDeploymentPostprocessing = 0;
		};
/* End PBXFrameworksBuildPhase section */

/* Begin PBXGroup section */
		A2C21F892811C0930036C432 /* Models */ = {
			isa = PBXGroup;
			children = (
				A2FAF5CB2811B92500EC8DAC /* VideoModel.swift */,
			);
			path = Models;
			sourceTree = "<group>";
		};
		A2C21F8A2811C0B10036C432 /* ViewController */ = {
			isa = PBXGroup;
			children = (
				A2FAF5B32811A59300EC8DAC /* ViewController.swift */,
				A202617F2812FC7B003277B0 /* VideoViewController.swift */,
			);
			path = ViewController;
			sourceTree = "<group>";
		};
		A2FAF5A32811A59300EC8DAC = {
			isa = PBXGroup;
			children = (
				A2FAF5AE2811A59300EC8DAC /* PlayLocalVideo */,
				A2FAF5AD2811A59300EC8DAC /* Products */,
			);
			sourceTree = "<group>";
		};
		A2FAF5AD2811A59300EC8DAC /* Products */ = {
			isa = PBXGroup;
			children = (
				A2FAF5AC2811A59300EC8DAC /* PlayLocalVideo.app */,
			);
			name = Products;
			sourceTree = "<group>";
		};
		A2FAF5AE2811A59300EC8DAC /* PlayLocalVideo */ = {
			isa = PBXGroup;
			children = (
				A202617B2812F68D003277B0 /* emoji zone.mp4 */,
				A2C21F8A2811C0B10036C432 /* ViewController */,
				A2C21F892811C0930036C432 /* Models */,
				A2FAF5CA2811B4E100EC8DAC /* Subviews */,
				A2FAF5C92811B4D500EC8DAC /* TableView */,
				A2FAF5AF2811A59300EC8DAC /* AppDelegate.swift */,
				A2FAF5B12811A59300EC8DAC /* SceneDelegate.swift */,
				A2FAF5B82811A59300EC8DAC /* Assets.xcassets */,
				A2FAF5BA2811A59300EC8DAC /* LaunchScreen.storyboard */,
				A2FAF5BD2811A59300EC8DAC /* Info.plist */,
			);
			path = PlayLocalVideo;
			sourceTree = "<group>";
		};
		A2FAF5C92811B4D500EC8DAC /* TableView */ = {
			isa = PBXGroup;
			children = (
				A2FAF5C72811B4CB00EC8DAC /* CustomTableViewCell.swift */,
			);
			path = TableView;
			sourceTree = "<group>";
		};
		A2FAF5CA2811B4E100EC8DAC /* Subviews */ = {
			isa = PBXGroup;
			children = (
				A2FAF5C32811A6A900EC8DAC /* Subviews.swift */,
			);
			path = Subviews;
			sourceTree = "<group>";
		};
/* End PBXGroup section */

/* Begin PBXNativeTarget section */
		A2FAF5AB2811A59300EC8DAC /* PlayLocalVideo */ = {
			isa = PBXNativeTarget;
			buildConfigurationList = A2FAF5C02811A59300EC8DAC /* Build configuration list for PBXNativeTarget "PlayLocalVideo" */;
			buildPhases = (
				A2FAF5A82811A59300EC8DAC /* Sources */,
				A2FAF5A92811A59300EC8DAC /* Frameworks */,
				A2FAF5AA2811A59300EC8DAC /* Resources */,
			);
			buildRules = (
			);
			dependencies = (
			);
			name = PlayLocalVideo;
			productName = PlayLocalVideo;
			productReference = A2FAF5AC2811A59300EC8DAC /* PlayLocalVideo.app */;
			productType = "com.apple.product-type.application";
		};
/* End PBXNativeTarget section */

/* Begin PBXProject section */
		A2FAF5A42811A59300EC8DAC /* Project object */ = {
			isa = PBXProject;
			attributes = {
				BuildIndependentTargetsInParallel = 1;
				LastSwiftUpdateCheck = 1320;
				LastUpgradeCheck = 1320;
				TargetAttributes = {
					A2FAF5AB2811A59300EC8DAC = {
						CreatedOnToolsVersion = 13.2.1;
					};
				};
			};
			buildConfigurationList = A2FAF5A72811A59300EC8DAC /* Build configuration list for PBXProject "PlayLocalVideo" */;
			compatibilityVersion = "Xcode 13.0";
			developmentRegion = en;
			hasScannedForEncodings = 0;
			knownRegions = (
				en,
				Base,
			);
			mainGroup = A2FAF5A32811A59300EC8DAC;
			productRefGroup = A2FAF5AD2811A59300EC8DAC /* Products */;
			projectDirPath = "";
			projectRoot = "";
			targets = (
				A2FAF5AB2811A59300EC8DAC /* PlayLocalVideo */,
			);
		};
/* End PBXProject section */

/* Begin PBXResourcesBuildPhase section */
		A2FAF5AA2811A59300EC8DAC /* Resources */ = {
			isa = PBXResourcesBuildPhase;
			buildActionMask = 2147483647;
			files = (
				A202617C2812F68D003277B0 /* emoji zone.mp4 in Resources */,
				A2FAF5BC2811A59300EC8DAC /* LaunchScreen.storyboard in Resources */,
				A2FAF5B92811A59300EC8DAC /* Assets.xcassets in Resources */,
			);
			runOnlyForDeploymentPostprocessing = 0;
		};
/* End PBXResourcesBuildPhase section */

/* Begin PBXSourcesBuildPhase section */
		A2FAF5A82811A59300EC8DAC /* Sources */ = {
			isa = PBXSourcesBuildPhase;
			buildActionMask = 2147483647;
			files = (
				A2FAF5C82811B4CB00EC8DAC /* CustomTableViewCell.swift in Sources */,
				A20261802812FC7B003277B0 /* VideoViewController.swift in Sources */,
				A2FAF5CC2811B92500EC8DAC /* VideoModel.swift in Sources */,
				A2FAF5B42811A59300EC8DAC /* ViewController.swift in Sources */,
				A2FAF5C42811A6A900EC8DAC /* Subviews.swift in Sources */,
				A2FAF5B02811A59300EC8DAC /* AppDelegate.swift in Sources */,
				A2FAF5B22811A59300EC8DAC /* SceneDelegate.swift in Sources */,
			);
			runOnlyForDeploymentPostprocessing = 0;
		};
/* End PBXSourcesBuildPhase section */

/* Begin PBXVariantGroup section */
		A2FAF5BA2811A59300EC8DAC /* LaunchScreen.storyboard */ = {
			isa = PBXVariantGroup;
			children = (
				A2FAF5BB2811A59300EC8DAC /* Base */,
			);
			name = LaunchScreen.storyboard;
			sourceTree = "<group>";
		};
/* End PBXVariantGroup section */

/* Begin XCBuildConfiguration section */
		A2FAF5BE2811A59300EC8DAC /* Debug */ = {
			isa = XCBuildConfiguration;
			buildSettings = {
				ALWAYS_SEARCH_USER_PATHS = NO;
				CLANG_ANALYZER_NONNULL = YES;
				CLANG_ANALYZER_NUMBER_OBJECT_CONVERSION = YES_AGGRESSIVE;
				CLANG_CXX_LANGUAGE_STANDARD = "gnu++17";
				CLANG_CXX_LIBRARY = "libc++";
				CLANG_ENABLE_MODULES = YES;
				CLANG_ENABLE_OBJC_ARC = YES;
				CLANG_ENABLE_OBJC_WEAK = YES;
				CLANG_WARN_BLOCK_CAPTURE_AUTORELEASING = YES;
				CLANG_WARN_BOOL_CONVERSION = YES;
				CLANG_WARN_COMMA = YES;
				CLANG_WARN_CONSTANT_CONVERSION = YES;
				CLANG_WARN_DEPRECATED_OBJC_IMPLEMENTATIONS = YES;
				CLANG_WARN_DIRECT_OBJC_ISA_USAGE = YES_ERROR;
				CLANG_WARN_DOCUMENTATION_COMMENTS = YES;
				CLANG_WARN_EMPTY_BODY = YES;
				CLANG_WARN_ENUM_CONVERSION = YES;
				CLANG_WARN_INFINITE_RECURSION = YES;
				CLANG_WARN_INT_CONVERSION = YES;
				CLANG_WARN_NON_LITERAL_NULL_CONVERSION = YES;
				CLANG_WARN_OBJC_IMPLICIT_RETAIN_SELF = YES;
				CLANG_WARN_OBJC_LITERAL_CONVERSION = YES;
				CLANG_WARN_OBJC_ROOT_CLASS = YES_ERROR;
				CLANG_WARN_QUOTED_INCLUDE_IN_FRAMEWORK_HEADER = YES;
				CLANG_WARN_RANGE_LOOP_ANALYSIS = YES;
				CLANG_WARN_STRICT_PROTOTYPES = YES;
				CLANG_WARN_SUSPICIOUS_MOVE = YES;
				CLANG_WARN_UNGUARDED_AVAILABILITY = YES_AGGRESSIVE;
				CLANG_WARN_UNREACHABLE_CODE = YES;
				CLANG_WARN__DUPLICATE_METHOD_MATCH = YES;
				COPY_PHASE_STRIP = NO;
				DEBUG_INFORMATION_FORMAT = dwarf;
				ENABLE_STRICT_OBJC_MSGSEND = YES;
				ENABLE_TESTABILITY = YES;
				GCC_C_LANGUAGE_STANDARD = gnu11;
				GCC_DYNAMIC_NO_PIC = NO;
				GCC_NO_COMMON_BLOCKS = YES;
				GCC_OPTIMIZATION_LEVEL = 0;
				GCC_PREPROCESSOR_DEFINITIONS = (
					"DEBUG=1",
					"$(inherited)",
				);
				GCC_WARN_64_TO_32_BIT_CONVERSION = YES;
				GCC_WARN_ABOUT_RETURN_TYPE = YES_ERROR;
				GCC_WARN_UNDECLARED_SELECTOR = YES;
				GCC_WARN_UNINITIALIZED_AUTOS = YES_AGGRESSIVE;
				GCC_WARN_UNUSED_FUNCTION = YES;
				GCC_WARN_UNUSED_VARIABLE = YES;
				IPHONEOS_DEPLOYMENT_TARGET = 15.2;
				MTL_ENABLE_DEBUG_INFO = INCLUDE_SOURCE;
				MTL_FAST_MATH = YES;
				ONLY_ACTIVE_ARCH = YES;
				SDKROOT = iphoneos;
				SWIFT_ACTIVE_COMPILATION_CONDITIONS = DEBUG;
				SWIFT_OPTIMIZATION_LEVEL = "-Onone";
			};
			name = Debug;
		};
		A2FAF5BF2811A59300EC8DAC /* Release */ = {
			isa = XCBuildConfiguration;
			buildSettings = {
				ALWAYS_SEARCH_USER_PATHS = NO;
				CLANG_ANALYZER_NONNULL = YES;
				CLANG_ANALYZER_NUMBER_OBJECT_CONVERSION = YES_AGGRESSIVE;
				CLANG_CXX_LANGUAGE_STANDARD = "gnu++17";
				CLANG_CXX_LIBRARY = "libc++";
				CLANG_ENABLE_MODULES = YES;
				CLANG_ENABLE_OBJC_ARC = YES;
				CLANG_ENABLE_OBJC_WEAK = YES;
				CLANG_WARN_BLOCK_CAPTURE_AUTORELEASING = YES;
				CLANG_WARN_BOOL_CONVERSION = YES;
				CLANG_WARN_COMMA = YES;
				CLANG_WARN_CONSTANT_CONVERSION = YES;
				CLANG_WARN_DEPRECATED_OBJC_IMPLEMENTATIONS = YES;
				CLANG_WARN_DIRECT_OBJC_ISA_USAGE = YES_ERROR;
				CLANG_WARN_DOCUMENTATION_COMMENTS = YES;
				CLANG_WARN_EMPTY_BODY = YES;
				CLANG_WARN_ENUM_CONVERSION = YES;
				CLANG_WARN_INFINITE_RECURSION = YES;
				CLANG_WARN_INT_CONVERSION = YES;
				CLANG_WARN_NON_LITERAL_NULL_CONVERSION = YES;
				CLANG_WARN_OBJC_IMPLICIT_RETAIN_SELF = YES;
				CLANG_WARN_OBJC_LITERAL_CONVERSION = YES;
				CLANG_WARN_OBJC_ROOT_CLASS = YES_ERROR;
				CLANG_WARN_QUOTED_INCLUDE_IN_FRAMEWORK_HEADER = YES;
				CLANG_WARN_RANGE_LOOP_ANALYSIS = YES;
				CLANG_WARN_STRICT_PROTOTYPES = YES;
				CLANG_WARN_SUSPICIOUS_MOVE = YES;
				CLANG_WARN_UNGUARDED_AVAILABILITY = YES_AGGRESSIVE;
				CLANG_WARN_UNREACHABLE_CODE = YES;
				CLANG_WARN__DUPLICATE_METHOD_MATCH = YES;
				COPY_PHASE_STRIP = NO;
				DEBUG_INFORMATION_FORMAT = "dwarf-with-dsym";
				ENABLE_NS_ASSERTIONS = NO;
				ENABLE_STRICT_OBJC_MSGSEND = YES;
				GCC_C_LANGUAGE_STANDARD = gnu11;
				GCC_NO_COMMON_BLOCKS = YES;
				GCC_WARN_64_TO_32_BIT_CONVERSION = YES;
				GCC_WARN_ABOUT_RETURN_TYPE = YES_ERROR;
				GCC_WARN_UNDECLARED_SELECTOR = YES;
				GCC_WARN_UNINITIALIZED_AUTOS = YES_AGGRESSIVE;
				GCC_WARN_UNUSED_FUNCTION = YES;
				GCC_WARN_UNUSED_VARIABLE = YES;
				IPHONEOS_DEPLOYMENT_TARGET = 15.2;
				MTL_ENABLE_DEBUG_INFO = NO;
				MTL_FAST_MATH = YES;
				SDKROOT = iphoneos;
				SWIFT_COMPILATION_MODE = wholemodule;
				SWIFT_OPTIMIZATION_LEVEL = "-O";
				VALIDATE_PRODUCT = YES;
			};
			name = Release;
		};
		A2FAF5C12811A59300EC8DAC /* Debug */ = {
			isa = XCBuildConfiguration;
			buildSettings = {
				ASSETCATALOG_COMPILER_APPICON_NAME = AppIcon;
				ASSETCATALOG_COMPILER_GLOBAL_ACCENT_COLOR_NAME = AccentColor;
				CODE_SIGN_STYLE = Automatic;
				CURRENT_PROJECT_VERSION = 1;
				DEVELOPMENT_TEAM = LM9BKUSL5K;
				GENERATE_INFOPLIST_FILE = YES;
				INFOPLIST_FILE = PlayLocalVideo/Info.plist;
				INFOPLIST_KEY_UIApplicationSupportsIndirectInputEvents = YES;
				INFOPLIST_KEY_UILaunchStoryboardName = LaunchScreen;
				INFOPLIST_KEY_UISupportedInterfaceOrientations_iPad = "UIInterfaceOrientationPortrait UIInterfaceOrientationPortraitUpsideDown UIInterfaceOrientationLandscapeLeft UIInterfaceOrientationLandscapeRight";
				INFOPLIST_KEY_UISupportedInterfaceOrientations_iPhone = "UIInterfaceOrientationPortrait UIInterfaceOrientationLandscapeLeft UIInterfaceOrientationLandscapeRight";
				LD_RUNPATH_SEARCH_PATHS = (
					"$(inherited)",
					"@executable_path/Frameworks",
				);
				MARKETING_VERSION = 1.0;
				PRODUCT_BUNDLE_IDENTIFIER = shop.eunsuseo.PlayLocalVideo;
				PRODUCT_NAME = "$(TARGET_NAME)";
				SWIFT_EMIT_LOC_STRINGS = YES;
				SWIFT_VERSION = 5.0;
				TARGETED_DEVICE_FAMILY = "1,2";
			};
			name = Debug;
		};
		A2FAF5C22811A59300EC8DAC /* Release */ = {
			isa = XCBuildConfiguration;
			buildSettings = {
				ASSETCATALOG_COMPILER_APPICON_NAME = AppIcon;
				ASSETCATALOG_COMPILER_GLOBAL_ACCENT_COLOR_NAME = AccentColor;
				CODE_SIGN_STYLE = Automatic;
				CURRENT_PROJECT_VERSION = 1;
				DEVELOPMENT_TEAM = LM9BKUSL5K;
				GENERATE_INFOPLIST_FILE = YES;
				INFOPLIST_FILE = PlayLocalVideo/Info.plist;
				INFOPLIST_KEY_UIApplicationSupportsIndirectInputEvents = YES;
				INFOPLIST_KEY_UILaunchStoryboardName = LaunchScreen;
				INFOPLIST_KEY_UISupportedInterfaceOrientations_iPad = "UIInterfaceOrientationPortrait UIInterfaceOrientationPortraitUpsideDown UIInterfaceOrientationLandscapeLeft UIInterfaceOrientationLandscapeRight";
				INFOPLIST_KEY_UISupportedInterfaceOrientations_iPhone = "UIInterfaceOrientationPortrait UIInterfaceOrientationLandscapeLeft UIInterfaceOrientationLandscapeRight";
				LD_RUNPATH_SEARCH_PATHS = (
					"$(inherited)",
					"@executable_path/Frameworks",
				);
				MARKETING_VERSION = 1.0;
				PRODUCT_BUNDLE_IDENTIFIER = shop.eunsuseo.PlayLocalVideo;
				PRODUCT_NAME = "$(TARGET_NAME)";
				SWIFT_EMIT_LOC_STRINGS = YES;
				SWIFT_VERSION = 5.0;
				TARGETED_DEVICE_FAMILY = "1,2";
			};
			name = Release;
		};
/* End XCBuildConfiguration section */

/* Begin XCConfigurationList section */
		A2FAF5A72811A59300EC8DAC /* Build configuration list for PBXProject "PlayLocalVideo" */ = {
			isa = XCConfigurationList;
			buildConfigurations = (
				A2FAF5BE2811A59300EC8DAC /* Debug */,
				A2FAF5BF2811A59300EC8DAC /* Release */,
			);
			defaultConfigurationIsVisible = 0;
			defaultConfigurationName = Release;
		};
		A2FAF5C02811A59300EC8DAC /* Build configuration list for PBXNativeTarget "PlayLocalVideo" */ = {
			isa = XCConfigurationList;
			buildConfigurations = (
				A2FAF5C12811A59300EC8DAC /* Debug */,
				A2FAF5C22811A59300EC8DAC /* Release */,
			);
			defaultConfigurationIsVisible = 0;
			defaultConfigurationName = Release;
		};
/* End XCConfigurationList section */
	};
	rootObject = A2FAF5A42811A59300EC8DAC /* Project object */;
}
