// !$*UTF8*$!
{
	archiveVersion = 1;
	classes = {
	};
	objectVersion = 55;
	objects = {

/* Begin PBXBuildFile section */
		A2CF71CF2805C48F009B7344 /* AppDelegate.swift in Sources */ = {isa = PBXBuildFile; fileRef = A2CF71CE2805C48F009B7344 /* AppDelegate.swift */; };
		A2CF71D12805C48F009B7344 /* SceneDelegate.swift in Sources */ = {isa = PBXBuildFile; fileRef = A2CF71D02805C48F009B7344 /* SceneDelegate.swift */; };
		A2CF71D32805C48F009B7344 /* ViewController.swift in Sources */ = {isa = PBXBuildFile; fileRef = A2CF71D22805C48F009B7344 /* ViewController.swift */; };
		A2CF71D62805C48F009B7344 /* Main.storyboard in Resources */ = {isa = PBXBuildFile; fileRef = A2CF71D42805C48F009B7344 /* Main.storyboard */; };
		A2CF71D82805C48F009B7344 /* Assets.xcassets in Resources */ = {isa = PBXBuildFile; fileRef = A2CF71D72805C48F009B7344 /* Assets.xcassets */; };
		A2CF71DB2805C48F009B7344 /* LaunchScreen.storyboard in Resources */ = {isa = PBXBuildFile; fileRef = A2CF71D92805C48F009B7344 /* LaunchScreen.storyboard */; };
		A2CF71E62805C48F009B7344 /* OnboardingTests.swift in Sources */ = {isa = PBXBuildFile; fileRef = A2CF71E52805C48F009B7344 /* OnboardingTests.swift */; };
		A2CF71F02805C48F009B7344 /* OnboardingUITests.swift in Sources */ = {isa = PBXBuildFile; fileRef = A2CF71EF2805C48F009B7344 /* OnboardingUITests.swift */; };
		A2CF71F22805C48F009B7344 /* OnboardingUITestsLaunchTests.swift in Sources */ = {isa = PBXBuildFile; fileRef = A2CF71F12805C48F009B7344 /* OnboardingUITestsLaunchTests.swift */; };
		A2DC118E280D7F180029A263 /* WelcomeViewController.swift in Sources */ = {isa = PBXBuildFile; fileRef = A2DC118D280D7F180029A263 /* WelcomeViewController.swift */; };
/* End PBXBuildFile section */

/* Begin PBXContainerItemProxy section */
		A2CF71E22805C48F009B7344 /* PBXContainerItemProxy */ = {
			isa = PBXContainerItemProxy;
			containerPortal = A2CF71C32805C48E009B7344 /* Project object */;
			proxyType = 1;
			remoteGlobalIDString = A2CF71CA2805C48F009B7344;
			remoteInfo = Onboarding;
		};
		A2CF71EC2805C48F009B7344 /* PBXContainerItemProxy */ = {
			isa = PBXContainerItemProxy;
			containerPortal = A2CF71C32805C48E009B7344 /* Project object */;
			proxyType = 1;
			remoteGlobalIDString = A2CF71CA2805C48F009B7344;
			remoteInfo = Onboarding;
		};
/* End PBXContainerItemProxy section */

/* Begin PBXFileReference section */
		A2CF71CB2805C48F009B7344 /* Onboarding.app */ = {isa = PBXFileReference; explicitFileType = wrapper.application; includeInIndex = 0; path = Onboarding.app; sourceTree = BUILT_PRODUCTS_DIR; };
		A2CF71CE2805C48F009B7344 /* AppDelegate.swift */ = {isa = PBXFileReference; lastKnownFileType = sourcecode.swift; path = AppDelegate.swift; sourceTree = "<group>"; };
		A2CF71D02805C48F009B7344 /* SceneDelegate.swift */ = {isa = PBXFileReference; lastKnownFileType = sourcecode.swift; path = SceneDelegate.swift; sourceTree = "<group>"; };
		A2CF71D22805C48F009B7344 /* ViewController.swift */ = {isa = PBXFileReference; lastKnownFileType = sourcecode.swift; path = ViewController.swift; sourceTree = "<group>"; };
		A2CF71D52805C48F009B7344 /* Base */ = {isa = PBXFileReference; lastKnownFileType = file.storyboard; name = Base; path = Base.lproj/Main.storyboard; sourceTree = "<group>"; };
		A2CF71D72805C48F009B7344 /* Assets.xcassets */ = {isa = PBXFileReference; lastKnownFileType = folder.assetcatalog; path = Assets.xcassets; sourceTree = "<group>"; };
		A2CF71DA2805C48F009B7344 /* Base */ = {isa = PBXFileReference; lastKnownFileType = file.storyboard; name = Base; path = Base.lproj/LaunchScreen.storyboard; sourceTree = "<group>"; };
		A2CF71DC2805C48F009B7344 /* Info.plist */ = {isa = PBXFileReference; lastKnownFileType = text.plist.xml; path = Info.plist; sourceTree = "<group>"; };
		A2CF71E12805C48F009B7344 /* OnboardingTests.xctest */ = {isa = PBXFileReference; explicitFileType = wrapper.cfbundle; includeInIndex = 0; path = OnboardingTests.xctest; sourceTree = BUILT_PRODUCTS_DIR; };
		A2CF71E52805C48F009B7344 /* OnboardingTests.swift */ = {isa = PBXFileReference; lastKnownFileType = sourcecode.swift; path = OnboardingTests.swift; sourceTree = "<group>"; };
		A2CF71EB2805C48F009B7344 /* OnboardingUITests.xctest */ = {isa = PBXFileReference; explicitFileType = wrapper.cfbundle; includeInIndex = 0; path = OnboardingUITests.xctest; sourceTree = BUILT_PRODUCTS_DIR; };
		A2CF71EF2805C48F009B7344 /* OnboardingUITests.swift */ = {isa = PBXFileReference; lastKnownFileType = sourcecode.swift; path = OnboardingUITests.swift; sourceTree = "<group>"; };
		A2CF71F12805C48F009B7344 /* OnboardingUITestsLaunchTests.swift */ = {isa = PBXFileReference; lastKnownFileType = sourcecode.swift; path = OnboardingUITestsLaunchTests.swift; sourceTree = "<group>"; };
		A2DC118D280D7F180029A263 /* WelcomeViewController.swift */ = {isa = PBXFileReference; fileEncoding = 4; lastKnownFileType = sourcecode.swift; path = WelcomeViewController.swift; sourceTree = "<group>"; };
/* End PBXFileReference section */

/* Begin PBXFrameworksBuildPhase section */
		A2CF71C82805C48F009B7344 /* Frameworks */ = {
			isa = PBXFrameworksBuildPhase;
			buildActionMask = 2147483647;
			files = (
			);
			runOnlyForDeploymentPostprocessing = 0;
		};
		A2CF71DE2805C48F009B7344 /* Frameworks */ = {
			isa = PBXFrameworksBuildPhase;
			buildActionMask = 2147483647;
			files = (
			);
			runOnlyForDeploymentPostprocessing = 0;
		};
		A2CF71E82805C48F009B7344 /* Frameworks */ = {
			isa = PBXFrameworksBuildPhase;
			buildActionMask = 2147483647;
			files = (
			);
			runOnlyForDeploymentPostprocessing = 0;
		};
/* End PBXFrameworksBuildPhase section */

/* Begin PBXGroup section */
		A2CF71C22805C48E009B7344 = {
			isa = PBXGroup;
			children = (
				A2CF71CD2805C48F009B7344 /* Onboarding */,
				A2CF71E42805C48F009B7344 /* OnboardingTests */,
				A2CF71EE2805C48F009B7344 /* OnboardingUITests */,
				A2CF71CC2805C48F009B7344 /* Products */,
			);
			sourceTree = "<group>";
		};
		A2CF71CC2805C48F009B7344 /* Products */ = {
			isa = PBXGroup;
			children = (
				A2CF71CB2805C48F009B7344 /* Onboarding.app */,
				A2CF71E12805C48F009B7344 /* OnboardingTests.xctest */,
				A2CF71EB2805C48F009B7344 /* OnboardingUITests.xctest */,
			);
			name = Products;
			sourceTree = "<group>";
		};
		A2CF71CD2805C48F009B7344 /* Onboarding */ = {
			isa = PBXGroup;
			children = (
				A2CF71CE2805C48F009B7344 /* AppDelegate.swift */,
				A2CF71D02805C48F009B7344 /* SceneDelegate.swift */,
				A2CF71D22805C48F009B7344 /* ViewController.swift */,
				A2CF71D42805C48F009B7344 /* Main.storyboard */,
				A2CF71D72805C48F009B7344 /* Assets.xcassets */,
				A2CF71D92805C48F009B7344 /* LaunchScreen.storyboard */,
				A2CF71DC2805C48F009B7344 /* Info.plist */,
				A2DC118D280D7F180029A263 /* WelcomeViewController.swift */,
			);
			path = Onboarding;
			sourceTree = "<group>";
		};
		A2CF71E42805C48F009B7344 /* OnboardingTests */ = {
			isa = PBXGroup;
			children = (
				A2CF71E52805C48F009B7344 /* OnboardingTests.swift */,
			);
			path = OnboardingTests;
			sourceTree = "<group>";
		};
		A2CF71EE2805C48F009B7344 /* OnboardingUITests */ = {
			isa = PBXGroup;
			children = (
				A2CF71EF2805C48F009B7344 /* OnboardingUITests.swift */,
				A2CF71F12805C48F009B7344 /* OnboardingUITestsLaunchTests.swift */,
			);
			path = OnboardingUITests;
			sourceTree = "<group>";
		};
/* End PBXGroup section */

/* Begin PBXNativeTarget section */
		A2CF71CA2805C48F009B7344 /* Onboarding */ = {
			isa = PBXNativeTarget;
			buildConfigurationList = A2CF71F52805C48F009B7344 /* Build configuration list for PBXNativeTarget "Onboarding" */;
			buildPhases = (
				A2CF71C72805C48F009B7344 /* Sources */,
				A2CF71C82805C48F009B7344 /* Frameworks */,
				A2CF71C92805C48F009B7344 /* Resources */,
			);
			buildRules = (
			);
			dependencies = (
			);
			name = Onboarding;
			productName = Onboarding;
			productReference = A2CF71CB2805C48F009B7344 /* Onboarding.app */;
			productType = "com.apple.product-type.application";
		};
		A2CF71E02805C48F009B7344 /* OnboardingTests */ = {
			isa = PBXNativeTarget;
			buildConfigurationList = A2CF71F82805C48F009B7344 /* Build configuration list for PBXNativeTarget "OnboardingTests" */;
			buildPhases = (
				A2CF71DD2805C48F009B7344 /* Sources */,
				A2CF71DE2805C48F009B7344 /* Frameworks */,
				A2CF71DF2805C48F009B7344 /* Resources */,
			);
			buildRules = (
			);
			dependencies = (
				A2CF71E32805C48F009B7344 /* PBXTargetDependency */,
			);
			name = OnboardingTests;
			productName = OnboardingTests;
			productReference = A2CF71E12805C48F009B7344 /* OnboardingTests.xctest */;
			productType = "com.apple.product-type.bundle.unit-test";
		};
		A2CF71EA2805C48F009B7344 /* OnboardingUITests */ = {
			isa = PBXNativeTarget;
			buildConfigurationList = A2CF71FB2805C48F009B7344 /* Build configuration list for PBXNativeTarget "OnboardingUITests" */;
			buildPhases = (
				A2CF71E72805C48F009B7344 /* Sources */,
				A2CF71E82805C48F009B7344 /* Frameworks */,
				A2CF71E92805C48F009B7344 /* Resources */,
			);
			buildRules = (
			);
			dependencies = (
				A2CF71ED2805C48F009B7344 /* PBXTargetDependency */,
			);
			name = OnboardingUITests;
			productName = OnboardingUITests;
			productReference = A2CF71EB2805C48F009B7344 /* OnboardingUITests.xctest */;
			productType = "com.apple.product-type.bundle.ui-testing";
		};
/* End PBXNativeTarget section */

/* Begin PBXProject section */
		A2CF71C32805C48E009B7344 /* Project object */ = {
			isa = PBXProject;
			attributes = {
				BuildIndependentTargetsInParallel = 1;
				LastSwiftUpdateCheck = 1320;
				LastUpgradeCheck = 1320;
				TargetAttributes = {
					A2CF71CA2805C48F009B7344 = {
						CreatedOnToolsVersion = 13.2.1;
					};
					A2CF71E02805C48F009B7344 = {
						CreatedOnToolsVersion = 13.2.1;
						TestTargetID = A2CF71CA2805C48F009B7344;
					};
					A2CF71EA2805C48F009B7344 = {
						CreatedOnToolsVersion = 13.2.1;
						TestTargetID = A2CF71CA2805C48F009B7344;
					};
				};
			};
			buildConfigurationList = A2CF71C62805C48E009B7344 /* Build configuration list for PBXProject "Onboarding" */;
			compatibilityVersion = "Xcode 13.0";
			developmentRegion = en;
			hasScannedForEncodings = 0;
			knownRegions = (
				en,
				Base,
			);
			mainGroup = A2CF71C22805C48E009B7344;
			productRefGroup = A2CF71CC2805C48F009B7344 /* Products */;
			projectDirPath = "";
			projectRoot = "";
			targets = (
				A2CF71CA2805C48F009B7344 /* Onboarding */,
				A2CF71E02805C48F009B7344 /* OnboardingTests */,
				A2CF71EA2805C48F009B7344 /* OnboardingUITests */,
			);
		};
/* End PBXProject section */

/* Begin PBXResourcesBuildPhase section */
		A2CF71C92805C48F009B7344 /* Resources */ = {
			isa = PBXResourcesBuildPhase;
			buildActionMask = 2147483647;
			files = (
				A2CF71DB2805C48F009B7344 /* LaunchScreen.storyboard in Resources */,
				A2CF71D82805C48F009B7344 /* Assets.xcassets in Resources */,
				A2CF71D62805C48F009B7344 /* Main.storyboard in Resources */,
			);
			runOnlyForDeploymentPostprocessing = 0;
		};
		A2CF71DF2805C48F009B7344 /* Resources */ = {
			isa = PBXResourcesBuildPhase;
			buildActionMask = 2147483647;
			files = (
			);
			runOnlyForDeploymentPostprocessing = 0;
		};
		A2CF71E92805C48F009B7344 /* Resources */ = {
			isa = PBXResourcesBuildPhase;
			buildActionMask = 2147483647;
			files = (
			);
			runOnlyForDeploymentPostprocessing = 0;
		};
/* End PBXResourcesBuildPhase section */

/* Begin PBXSourcesBuildPhase section */
		A2CF71C72805C48F009B7344 /* Sources */ = {
			isa = PBXSourcesBuildPhase;
			buildActionMask = 2147483647;
			files = (
				A2CF71D32805C48F009B7344 /* ViewController.swift in Sources */,
				A2DC118E280D7F180029A263 /* WelcomeViewController.swift in Sources */,
				A2CF71CF2805C48F009B7344 /* AppDelegate.swift in Sources */,
				A2CF71D12805C48F009B7344 /* SceneDelegate.swift in Sources */,
			);
			runOnlyForDeploymentPostprocessing = 0;
		};
		A2CF71DD2805C48F009B7344 /* Sources */ = {
			isa = PBXSourcesBuildPhase;
			buildActionMask = 2147483647;
			files = (
				A2CF71E62805C48F009B7344 /* OnboardingTests.swift in Sources */,
			);
			runOnlyForDeploymentPostprocessing = 0;
		};
		A2CF71E72805C48F009B7344 /* Sources */ = {
			isa = PBXSourcesBuildPhase;
			buildActionMask = 2147483647;
			files = (
				A2CF71F02805C48F009B7344 /* OnboardingUITests.swift in Sources */,
				A2CF71F22805C48F009B7344 /* OnboardingUITestsLaunchTests.swift in Sources */,
			);
			runOnlyForDeploymentPostprocessing = 0;
		};
/* End PBXSourcesBuildPhase section */

/* Begin PBXTargetDependency section */
		A2CF71E32805C48F009B7344 /* PBXTargetDependency */ = {
			isa = PBXTargetDependency;
			target = A2CF71CA2805C48F009B7344 /* Onboarding */;
			targetProxy = A2CF71E22805C48F009B7344 /* PBXContainerItemProxy */;
		};
		A2CF71ED2805C48F009B7344 /* PBXTargetDependency */ = {
			isa = PBXTargetDependency;
			target = A2CF71CA2805C48F009B7344 /* Onboarding */;
			targetProxy = A2CF71EC2805C48F009B7344 /* PBXContainerItemProxy */;
		};
/* End PBXTargetDependency section */

/* Begin PBXVariantGroup section */
		A2CF71D42805C48F009B7344 /* Main.storyboard */ = {
			isa = PBXVariantGroup;
			children = (
				A2CF71D52805C48F009B7344 /* Base */,
			);
			name = Main.storyboard;
			sourceTree = "<group>";
		};
		A2CF71D92805C48F009B7344 /* LaunchScreen.storyboard */ = {
			isa = PBXVariantGroup;
			children = (
				A2CF71DA2805C48F009B7344 /* Base */,
			);
			name = LaunchScreen.storyboard;
			sourceTree = "<group>";
		};
/* End PBXVariantGroup section */

/* Begin XCBuildConfiguration section */
		A2CF71F32805C48F009B7344 /* Debug */ = {
			isa = XCBuildConfiguration;
			buildSettings = {
				ALWAYS_SEARCH_USER_PATHS = NO;
				CLANG_ANALYZER_NONNULL = YES;
				CLANG_ANALYZER_NUMBER_OBJECT_CONVERSION = YES_AGGRESSIVE;
				CLANG_CXX_LANGUAGE_STANDARD = "gnu++17";
				CLANG_CXX_LIBRARY = "libc++";
				CLANG_ENABLE_MODULES = YES;
				CLANG_ENABLE_OBJC_ARC = YES;
				CLANG_ENABLE_OBJC_WEAK = YES;
				CLANG_WARN_BLOCK_CAPTURE_AUTORELEASING = YES;
				CLANG_WARN_BOOL_CONVERSION = YES;
				CLANG_WARN_COMMA = YES;
				CLANG_WARN_CONSTANT_CONVERSION = YES;
				CLANG_WARN_DEPRECATED_OBJC_IMPLEMENTATIONS = YES;
				CLANG_WARN_DIRECT_OBJC_ISA_USAGE = YES_ERROR;
				CLANG_WARN_DOCUMENTATION_COMMENTS = YES;
				CLANG_WARN_EMPTY_BODY = YES;
				CLANG_WARN_ENUM_CONVERSION = YES;
				CLANG_WARN_INFINITE_RECURSION = YES;
				CLANG_WARN_INT_CONVERSION = YES;
				CLANG_WARN_NON_LITERAL_NULL_CONVERSION = YES;
				CLANG_WARN_OBJC_IMPLICIT_RETAIN_SELF = YES;
				CLANG_WARN_OBJC_LITERAL_CONVERSION = YES;
				CLANG_WARN_OBJC_ROOT_CLASS = YES_ERROR;
				CLANG_WARN_QUOTED_INCLUDE_IN_FRAMEWORK_HEADER = YES;
				CLANG_WARN_RANGE_LOOP_ANALYSIS = YES;
				CLANG_WARN_STRICT_PROTOTYPES = YES;
				CLANG_WARN_SUSPICIOUS_MOVE = YES;
				CLANG_WARN_UNGUARDED_AVAILABILITY = YES_AGGRESSIVE;
				CLANG_WARN_UNREACHABLE_CODE = YES;
				CLANG_WARN__DUPLICATE_METHOD_MATCH = YES;
				COPY_PHASE_STRIP = NO;
				DEBUG_INFORMATION_FORMAT = dwarf;
				ENABLE_STRICT_OBJC_MSGSEND = YES;
				ENABLE_TESTABILITY = YES;
				GCC_C_LANGUAGE_STANDARD = gnu11;
				GCC_DYNAMIC_NO_PIC = NO;
				GCC_NO_COMMON_BLOCKS = YES;
				GCC_OPTIMIZATION_LEVEL = 0;
				GCC_PREPROCESSOR_DEFINITIONS = (
					"DEBUG=1",
					"$(inherited)",
				);
				GCC_WARN_64_TO_32_BIT_CONVERSION = YES;
				GCC_WARN_ABOUT_RETURN_TYPE = YES_ERROR;
				GCC_WARN_UNDECLARED_SELECTOR = YES;
				GCC_WARN_UNINITIALIZED_AUTOS = YES_AGGRESSIVE;
				GCC_WARN_UNUSED_FUNCTION = YES;
				GCC_WARN_UNUSED_VARIABLE = YES;
				IPHONEOS_DEPLOYMENT_TARGET = 15.2;
				MTL_ENABLE_DEBUG_INFO = INCLUDE_SOURCE;
				MTL_FAST_MATH = YES;
				ONLY_ACTIVE_ARCH = YES;
				SDKROOT = iphoneos;
				SWIFT_ACTIVE_COMPILATION_CONDITIONS = DEBUG;
				SWIFT_OPTIMIZATION_LEVEL = "-Onone";
			};
			name = Debug;
		};
		A2CF71F42805C48F009B7344 /* Release */ = {
			isa = XCBuildConfiguration;
			buildSettings = {
				ALWAYS_SEARCH_USER_PATHS = NO;
				CLANG_ANALYZER_NONNULL = YES;
				CLANG_ANALYZER_NUMBER_OBJECT_CONVERSION = YES_AGGRESSIVE;
				CLANG_CXX_LANGUAGE_STANDARD = "gnu++17";
				CLANG_CXX_LIBRARY = "libc++";
				CLANG_ENABLE_MODULES = YES;
				CLANG_ENABLE_OBJC_ARC = YES;
				CLANG_ENABLE_OBJC_WEAK = YES;
				CLANG_WARN_BLOCK_CAPTURE_AUTORELEASING = YES;
				CLANG_WARN_BOOL_CONVERSION = YES;
				CLANG_WARN_COMMA = YES;
				CLANG_WARN_CONSTANT_CONVERSION = YES;
				CLANG_WARN_DEPRECATED_OBJC_IMPLEMENTATIONS = YES;
				CLANG_WARN_DIRECT_OBJC_ISA_USAGE = YES_ERROR;
				CLANG_WARN_DOCUMENTATION_COMMENTS = YES;
				CLANG_WARN_EMPTY_BODY = YES;
				CLANG_WARN_ENUM_CONVERSION = YES;
				CLANG_WARN_INFINITE_RECURSION = YES;
				CLANG_WARN_INT_CONVERSION = YES;
				CLANG_WARN_NON_LITERAL_NULL_CONVERSION = YES;
				CLANG_WARN_OBJC_IMPLICIT_RETAIN_SELF = YES;
				CLANG_WARN_OBJC_LITERAL_CONVERSION = YES;
				CLANG_WARN_OBJC_ROOT_CLASS = YES_ERROR;
				CLANG_WARN_QUOTED_INCLUDE_IN_FRAMEWORK_HEADER = YES;
				CLANG_WARN_RANGE_LOOP_ANALYSIS = YES;
				CLANG_WARN_STRICT_PROTOTYPES = YES;
				CLANG_WARN_SUSPICIOUS_MOVE = YES;
				CLANG_WARN_UNGUARDED_AVAILABILITY = YES_AGGRESSIVE;
				CLANG_WARN_UNREACHABLE_CODE = YES;
				CLANG_WARN__DUPLICATE_METHOD_MATCH = YES;
				COPY_PHASE_STRIP = NO;
				DEBUG_INFORMATION_FORMAT = "dwarf-with-dsym";
				ENABLE_NS_ASSERTIONS = NO;
				ENABLE_STRICT_OBJC_MSGSEND = YES;
				GCC_C_LANGUAGE_STANDARD = gnu11;
				GCC_NO_COMMON_BLOCKS = YES;
				GCC_WARN_64_TO_32_BIT_CONVERSION = YES;
				GCC_WARN_ABOUT_RETURN_TYPE = YES_ERROR;
				GCC_WARN_UNDECLARED_SELECTOR = YES;
				GCC_WARN_UNINITIALIZED_AUTOS = YES_AGGRESSIVE;
				GCC_WARN_UNUSED_FUNCTION = YES;
				GCC_WARN_UNUSED_VARIABLE = YES;
				IPHONEOS_DEPLOYMENT_TARGET = 15.2;
				MTL_ENABLE_DEBUG_INFO = NO;
				MTL_FAST_MATH = YES;
				SDKROOT = iphoneos;
				SWIFT_COMPILATION_MODE = wholemodule;
				SWIFT_OPTIMIZATION_LEVEL = "-O";
				VALIDATE_PRODUCT = YES;
			};
			name = Release;
		};
		A2CF71F62805C48F009B7344 /* Debug */ = {
			isa = XCBuildConfiguration;
			buildSettings = {
				ASSETCATALOG_COMPILER_APPICON_NAME = AppIcon;
				ASSETCATALOG_COMPILER_GLOBAL_ACCENT_COLOR_NAME = AccentColor;
				CODE_SIGN_STYLE = Automatic;
				CURRENT_PROJECT_VERSION = 1;
				DEVELOPMENT_TEAM = LM9BKUSL5K;
				GENERATE_INFOPLIST_FILE = YES;
				INFOPLIST_FILE = Onboarding/Info.plist;
				INFOPLIST_KEY_UIApplicationSupportsIndirectInputEvents = YES;
				INFOPLIST_KEY_UILaunchStoryboardName = LaunchScreen;
				INFOPLIST_KEY_UIMainStoryboardFile = Main;
				INFOPLIST_KEY_UISupportedInterfaceOrientations_iPad = "UIInterfaceOrientationPortrait UIInterfaceOrientationPortraitUpsideDown UIInterfaceOrientationLandscapeLeft UIInterfaceOrientationLandscapeRight";
				INFOPLIST_KEY_UISupportedInterfaceOrientations_iPhone = "UIInterfaceOrientationPortrait UIInterfaceOrientationLandscapeLeft UIInterfaceOrientationLandscapeRight";
				LD_RUNPATH_SEARCH_PATHS = (
					"$(inherited)",
					"@executable_path/Frameworks",
				);
				MARKETING_VERSION = 1.0;
				PRODUCT_BUNDLE_IDENTIFIER = shop.eunsuseo.Onboarding;
				PRODUCT_NAME = "$(TARGET_NAME)";
				SWIFT_EMIT_LOC_STRINGS = YES;
				SWIFT_VERSION = 5.0;
				TARGETED_DEVICE_FAMILY = "1,2";
			};
			name = Debug;
		};
		A2CF71F72805C48F009B7344 /* Release */ = {
			isa = XCBuildConfiguration;
			buildSettings = {
				ASSETCATALOG_COMPILER_APPICON_NAME = AppIcon;
				ASSETCATALOG_COMPILER_GLOBAL_ACCENT_COLOR_NAME = AccentColor;
				CODE_SIGN_STYLE = Automatic;
				CURRENT_PROJECT_VERSION = 1;
				DEVELOPMENT_TEAM = LM9BKUSL5K;
				GENERATE_INFOPLIST_FILE = YES;
				INFOPLIST_FILE = Onboarding/Info.plist;
				INFOPLIST_KEY_UIApplicationSupportsIndirectInputEvents = YES;
				INFOPLIST_KEY_UILaunchStoryboardName = LaunchScreen;
				INFOPLIST_KEY_UIMainStoryboardFile = Main;
				INFOPLIST_KEY_UISupportedInterfaceOrientations_iPad = "UIInterfaceOrientationPortrait UIInterfaceOrientationPortraitUpsideDown UIInterfaceOrientationLandscapeLeft UIInterfaceOrientationLandscapeRight";
				INFOPLIST_KEY_UISupportedInterfaceOrientations_iPhone = "UIInterfaceOrientationPortrait UIInterfaceOrientationLandscapeLeft UIInterfaceOrientationLandscapeRight";
				LD_RUNPATH_SEARCH_PATHS = (
					"$(inherited)",
					"@executable_path/Frameworks",
				);
				MARKETING_VERSION = 1.0;
				PRODUCT_BUNDLE_IDENTIFIER = shop.eunsuseo.Onboarding;
				PRODUCT_NAME = "$(TARGET_NAME)";
				SWIFT_EMIT_LOC_STRINGS = YES;
				SWIFT_VERSION = 5.0;
				TARGETED_DEVICE_FAMILY = "1,2";
			};
			name = Release;
		};
		A2CF71F92805C48F009B7344 /* Debug */ = {
			isa = XCBuildConfiguration;
			buildSettings = {
				ALWAYS_EMBED_SWIFT_STANDARD_LIBRARIES = YES;
				BUNDLE_LOADER = "$(TEST_HOST)";
				CODE_SIGN_STYLE = Automatic;
				CURRENT_PROJECT_VERSION = 1;
				DEVELOPMENT_TEAM = LM9BKUSL5K;
				GENERATE_INFOPLIST_FILE = YES;
				IPHONEOS_DEPLOYMENT_TARGET = 15.2;
				MARKETING_VERSION = 1.0;
				PRODUCT_BUNDLE_IDENTIFIER = shop.eunsuseo.OnboardingTests;
				PRODUCT_NAME = "$(TARGET_NAME)";
				SWIFT_EMIT_LOC_STRINGS = NO;
				SWIFT_VERSION = 5.0;
				TARGETED_DEVICE_FAMILY = "1,2";
				TEST_HOST = "$(BUILT_PRODUCTS_DIR)/Onboarding.app/Onboarding";
			};
			name = Debug;
		};
		A2CF71FA2805C48F009B7344 /* Release */ = {
			isa = XCBuildConfiguration;
			buildSettings = {
				ALWAYS_EMBED_SWIFT_STANDARD_LIBRARIES = YES;
				BUNDLE_LOADER = "$(TEST_HOST)";
				CODE_SIGN_STYLE = Automatic;
				CURRENT_PROJECT_VERSION = 1;
				DEVELOPMENT_TEAM = LM9BKUSL5K;
				GENERATE_INFOPLIST_FILE = YES;
				IPHONEOS_DEPLOYMENT_TARGET = 15.2;
				MARKETING_VERSION = 1.0;
				PRODUCT_BUNDLE_IDENTIFIER = shop.eunsuseo.OnboardingTests;
				PRODUCT_NAME = "$(TARGET_NAME)";
				SWIFT_EMIT_LOC_STRINGS = NO;
				SWIFT_VERSION = 5.0;
				TARGETED_DEVICE_FAMILY = "1,2";
				TEST_HOST = "$(BUILT_PRODUCTS_DIR)/Onboarding.app/Onboarding";
			};
			name = Release;
		};
		A2CF71FC2805C48F009B7344 /* Debug */ = {
			isa = XCBuildConfiguration;
			buildSettings = {
				ALWAYS_EMBED_SWIFT_STANDARD_LIBRARIES = YES;
				CODE_SIGN_STYLE = Automatic;
				CURRENT_PROJECT_VERSION = 1;
				DEVELOPMENT_TEAM = LM9BKUSL5K;
				GENERATE_INFOPLIST_FILE = YES;
				MARKETING_VERSION = 1.0;
				PRODUCT_BUNDLE_IDENTIFIER = shop.eunsuseo.OnboardingUITests;
				PRODUCT_NAME = "$(TARGET_NAME)";
				SWIFT_EMIT_LOC_STRINGS = NO;
				SWIFT_VERSION = 5.0;
				TARGETED_DEVICE_FAMILY = "1,2";
				TEST_TARGET_NAME = Onboarding;
			};
			name = Debug;
		};
		A2CF71FD2805C48F009B7344 /* Release */ = {
			isa = XCBuildConfiguration;
			buildSettings = {
				ALWAYS_EMBED_SWIFT_STANDARD_LIBRARIES = YES;
				CODE_SIGN_STYLE = Automatic;
				CURRENT_PROJECT_VERSION = 1;
				DEVELOPMENT_TEAM = LM9BKUSL5K;
				GENERATE_INFOPLIST_FILE = YES;
				MARKETING_VERSION = 1.0;
				PRODUCT_BUNDLE_IDENTIFIER = shop.eunsuseo.OnboardingUITests;
				PRODUCT_NAME = "$(TARGET_NAME)";
				SWIFT_EMIT_LOC_STRINGS = NO;
				SWIFT_VERSION = 5.0;
				TARGETED_DEVICE_FAMILY = "1,2";
				TEST_TARGET_NAME = Onboarding;
			};
			name = Release;
		};
/* End XCBuildConfiguration section */

/* Begin XCConfigurationList section */
		A2CF71C62805C48E009B7344 /* Build configuration list for PBXProject "Onboarding" */ = {
			isa = XCConfigurationList;
			buildConfigurations = (
				A2CF71F32805C48F009B7344 /* Debug */,
				A2CF71F42805C48F009B7344 /* Release */,
			);
			defaultConfigurationIsVisible = 0;
			defaultConfigurationName = Release;
		};
		A2CF71F52805C48F009B7344 /* Build configuration list for PBXNativeTarget "Onboarding" */ = {
			isa = XCConfigurationList;
			buildConfigurations = (
				A2CF71F62805C48F009B7344 /* Debug */,
				A2CF71F72805C48F009B7344 /* Release */,
			);
			defaultConfigurationIsVisible = 0;
			defaultConfigurationName = Release;
		};
		A2CF71F82805C48F009B7344 /* Build configuration list for PBXNativeTarget "OnboardingTests" */ = {
			isa = XCConfigurationList;
			buildConfigurations = (
				A2CF71F92805C48F009B7344 /* Debug */,
				A2CF71FA2805C48F009B7344 /* Release */,
			);
			defaultConfigurationIsVisible = 0;
			defaultConfigurationName = Release;
		};
		A2CF71FB2805C48F009B7344 /* Build configuration list for PBXNativeTarget "OnboardingUITests" */ = {
			isa = XCConfigurationList;
			buildConfigurations = (
				A2CF71FC2805C48F009B7344 /* Debug */,
				A2CF71FD2805C48F009B7344 /* Release */,
			);
			defaultConfigurationIsVisible = 0;
			defaultConfigurationName = Release;
		};
/* End XCConfigurationList section */
	};
	rootObject = A2CF71C32805C48E009B7344 /* Project object */;
}
